
Microsoft Visual Studio Solution File, Format Version 12.00
# Visual Studio Version 17
VisualStudioVersion = 17.13.35806.99 d17.13
MinimumVisualStudioVersion = 10.0.40219.1
Project("{FAE04EC0-301F-11D3-BF4B-00C04F79EFBC}") = "Atividade 1 Robinson", "Atividade 1 Robinson\Atividade 1 Robinson.csproj", "{C1F3A09C-C0A6-4032-95AC-785EEA954DFF}"
EndProject
Global
	GlobalSection(SolutionConfigurationPlatforms) = preSolution
		Debug|Any CPU = Debug|Any CPU
		Release|Any CPU = Release|Any CPU
	EndGlobalSection
	GlobalSection(ProjectConfigurationPlatforms) = postSolution
		{C1F3A09C-C0A6-4032-95AC-785EEA954DFF}.Debug|Any CPU.ActiveCfg = Debug|Any CPU
		{C1F3A09C-C0A6-4032-95AC-785EEA954DFF}.Debug|Any CPU.Build.0 = Debug|Any CPU
		{C1F3A09C-C0A6-4032-95AC-785EEA954DFF}.Release|Any CPU.ActiveCfg = Release|Any CPU
		{C1F3A09C-C0A6-4032-95AC-785EEA954DFF}.Release|Any CPU.Build.0 = Release|Any CPU
	EndGlobalSection
	GlobalSection(SolutionProperties) = preSolution
		HideSolutionNode = FALSE
	EndGlobalSection
	GlobalSection(ExtensibilityGlobals) = postSolution
		SolutionGuid = {F6203CA5-9B4C-4FC6-B5ED-8C1368EB7150}
	EndGlobalSection
EndGlobal
